# THIS IS AN AUTOGENERATED FILE. DO NOT EDIT THIS FILE DIRECTLY.
# yarn lockfile v1


fast-xml-parser@^4.2.4:
  version "4.3.2"
  resolved "https://registry.yarnpkg.com/fast-xml-parser/-/fast-xml-parser-4.3.2.tgz#761e641260706d6e13251c4ef8e3f5694d4b0d79"
  integrity sha512-rmrXUXwbJedoXkStenj1kkljNF7ugn5ZjR9FJcwmCfcCbtOMDghPajbc+Tck6vE6F5XsDmx+Pr2le9fw8+pXBg==
  dependencies:
    strnum "^1.0.5"

strnum@^1.0.5:
  version "1.0.5"
  resolved "https://registry.yarnpkg.com/strnum/-/strnum-1.0.5.tgz#5c4e829fe15ad4ff0d20c3db5ac97b73c9b072db"
  integrity sha512-J8bbNyKKXl5qYcR36TIO8W3mVGVHrmmxsd5PAItGkmyzwJvybiw2IVq5nqd0i4LSNSkB/sx9VHllbfFdr9k1JA==

ts-fusion-parser@^0.1.44:
  version "0.1.44"
  resolved "https://registry.yarnpkg.com/ts-fusion-parser/-/ts-fusion-parser-0.1.44.tgz#e27340e6ed223eef74a3845e3d9bf7482dedf1e4"
  integrity sha512-GEicUbycdPs84huXyiJpPhgQ3sjL6aAGRdAFg25eOJvNhGGa9Ed1hZBNPuf1itJur9qj2LwGU+BkxYKIIOuPVA==

vscode-jsonrpc@8.1.0:
  version "8.1.0"
  resolved "https://registry.yarnpkg.com/vscode-jsonrpc/-/vscode-jsonrpc-8.1.0.tgz#cb9989c65e219e18533cc38e767611272d274c94"
  integrity sha512-6TDy/abTQk+zDGYazgbIPc+4JoXdwC8NHU9Pbn4UJP1fehUyZmM4RHp5IthX7A6L5KS30PRui+j+tbbMMMafdw==

vscode-languageserver-protocol@3.17.3:
  version "3.17.3"
  resolved "https://registry.yarnpkg.com/vscode-languageserver-protocol/-/vscode-languageserver-protocol-3.17.3.tgz#6d0d54da093f0c0ee3060b81612cce0f11060d57"
  integrity sha512-924/h0AqsMtA5yK22GgMtCYiMdCOtWTSGgUOkgEDX+wk2b0x4sAfLiO4NxBxqbiVtz7K7/1/RgVrVI0NClZwqA==
  dependencies:
    vscode-jsonrpc "8.1.0"
    vscode-languageserver-types "3.17.3"

vscode-languageserver-textdocument@^1.0.7:
  version "1.0.11"
  resolved "https://registry.yarnpkg.com/vscode-languageserver-textdocument/-/vscode-languageserver-textdocument-1.0.11.tgz#0822a000e7d4dc083312580d7575fe9e3ba2e2bf"
  integrity sha512-X+8T3GoiwTVlJbicx/sIAF+yuJAqz8VvwJyoMVhwEMoEKE/fkDmrqUgDMyBECcM2A2frVZIUj5HI/ErRXCfOeA==

vscode-languageserver-types@3.17.3:
  version "3.17.3"
  resolved "https://registry.yarnpkg.com/vscode-languageserver-types/-/vscode-languageserver-types-3.17.3.tgz#72d05e47b73be93acb84d6e311b5786390f13f64"
  integrity sha512-SYU4z1dL0PyIMd4Vj8YOqFvHu7Hz/enbWtpfnVbJHU4Nd1YNYx8u0ennumc6h48GQNeOLxmwySmnADouT/AuZA==

vscode-languageserver@^8.0.0:
  version "8.1.0"
  resolved "https://registry.yarnpkg.com/vscode-languageserver/-/vscode-languageserver-8.1.0.tgz#5024253718915d84576ce6662dd46a791498d827"
  integrity sha512-eUt8f1z2N2IEUDBsKaNapkz7jl5QpskN2Y0G01T/ItMxBxw1fJwvtySGB9QMecatne8jFIWJGWI61dWjyTLQsw==
  dependencies:
    vscode-languageserver-protocol "3.17.3"

vscode-uri@^3.0.8:
  version "3.0.8"
  resolved "https://registry.yarnpkg.com/vscode-uri/-/vscode-uri-3.0.8.tgz#1770938d3e72588659a172d0fd4642780083ff9f"
  integrity sha512-AyFQ0EVmsOZOlAnxoFOGOq1SQDWAB7C6aqMGS23svWAllfOaxbuFvcT8D1i8z3Gyn8fraVeZNNmN6e9bxxXkKw==

yaml@^2.2.1:
  version "2.3.4"
  resolved "https://registry.yarnpkg.com/yaml/-/yaml-2.3.4.tgz#53fc1d514be80aabf386dc6001eb29bf3b7523b2"
  integrity sha512-8aAvwVUSHpfEqTQ4w/KMlf3HcRdt50E5ODIQJBw1fQ5RL34xabzxtUlzTXVqc4rkZsPbvrXKWnABCD7kWSmocA==
