{
	"name": "vscode-neos-fusion-lsp-server",
	"version": "0.0.2",
	"lockfileVersion": 2,
	"requires": true,
	"packages": {
		"": {
			"name": "vscode-neos-fusion-lsp-server",
			"version": "0.0.2",
			"license": "MIT",
			"dependencies": {
				"ts-fusion-parser": "^0.0.13",
				"vscode-languageserver": "^8.0.0",
				"vscode-languageserver-textdocument": "^1.0.7"
			},
			"engines": {
				"node": "*"
			}
		},
		"node_modules/ts-fusion-parser": {
			"version": "0.0.13",
			"resolved": "https://registry.npmjs.org/ts-fusion-parser/-/ts-fusion-parser-0.0.13.tgz",
			"integrity": "sha512-zlnJPDEg4gUQus2rlODoV0xIFaSOwgi80jVJQMgbd+mQ3nHRL4dfrt2ELmZs/Md6Ew0gDSiBS+EO5VBAqzl9BQ=="
		},
		"node_modules/vscode-jsonrpc": {
			"version": "8.0.2",
			"resolved": "https://registry.npmjs.org/vscode-jsonrpc/-/vscode-jsonrpc-8.0.2.tgz",
			"integrity": "sha512-RY7HwI/ydoC1Wwg4gJ3y6LpU9FJRZAUnTYMXthqhFXXu77ErDd/xkREpGuk4MyYkk4a+XDWAMqe0S3KkelYQEQ==",
			"engines": {
				"node": ">=14.0.0"
			}
		},
		"node_modules/vscode-languageserver": {
			"version": "8.0.2",
			"resolved": "https://registry.npmjs.org/vscode-languageserver/-/vscode-languageserver-8.0.2.tgz",
			"integrity": "sha512-bpEt2ggPxKzsAOZlXmCJ50bV7VrxwCS5BI4+egUmure/oI/t4OlFzi/YNtVvY24A2UDOZAgwFGgnZPwqSJubkA==",
			"dependencies": {
				"vscode-languageserver-protocol": "3.17.2"
			},
			"bin": {
				"installServerIntoExtension": "bin/installServerIntoExtension"
			}
		},
		"node_modules/vscode-languageserver-protocol": {
			"version": "3.17.2",
			"resolved": "https://registry.npmjs.org/vscode-languageserver-protocol/-/vscode-languageserver-protocol-3.17.2.tgz",
			"integrity": "sha512-8kYisQ3z/SQ2kyjlNeQxbkkTNmVFoQCqkmGrzLH6A9ecPlgTbp3wDTnUNqaUxYr4vlAcloxx8zwy7G5WdguYNg==",
			"dependencies": {
				"vscode-jsonrpc": "8.0.2",
				"vscode-languageserver-types": "3.17.2"
			}
		},
		"node_modules/vscode-languageserver-textdocument": {
			"version": "1.0.7",
			"resolved": "https://registry.npmjs.org/vscode-languageserver-textdocument/-/vscode-languageserver-textdocument-1.0.7.tgz",
			"integrity": "sha512-bFJH7UQxlXT8kKeyiyu41r22jCZXG8kuuVVA33OEJn1diWOZK5n8zBSPZFHVBOu8kXZ6h0LIRhf5UnCo61J4Hg=="
		},
		"node_modules/vscode-languageserver-types": {
			"version": "3.17.2",
			"resolved": "https://registry.npmjs.org/vscode-languageserver-types/-/vscode-languageserver-types-3.17.2.tgz",
			"integrity": "sha512-zHhCWatviizPIq9B7Vh9uvrH6x3sK8itC84HkamnBWoDFJtzBf7SWlpLCZUit72b3os45h6RWQNC9xHRDF8dRA=="
		}
	},
	"dependencies": {
		"ts-fusion-parser": {
			"version": "0.0.13",
			"resolved": "https://registry.npmjs.org/ts-fusion-parser/-/ts-fusion-parser-0.0.13.tgz",
			"integrity": "sha512-zlnJPDEg4gUQus2rlODoV0xIFaSOwgi80jVJQMgbd+mQ3nHRL4dfrt2ELmZs/Md6Ew0gDSiBS+EO5VBAqzl9BQ=="
		},
		"vscode-jsonrpc": {
			"version": "8.0.2",
			"resolved": "https://registry.npmjs.org/vscode-jsonrpc/-/vscode-jsonrpc-8.0.2.tgz",
			"integrity": "sha512-RY7HwI/ydoC1Wwg4gJ3y6LpU9FJRZAUnTYMXthqhFXXu77ErDd/xkREpGuk4MyYkk4a+XDWAMqe0S3KkelYQEQ=="
		},
		"vscode-languageserver": {
			"version": "8.0.2",
			"resolved": "https://registry.npmjs.org/vscode-languageserver/-/vscode-languageserver-8.0.2.tgz",
			"integrity": "sha512-bpEt2ggPxKzsAOZlXmCJ50bV7VrxwCS5BI4+egUmure/oI/t4OlFzi/YNtVvY24A2UDOZAgwFGgnZPwqSJubkA==",
			"requires": {
				"vscode-languageserver-protocol": "3.17.2"
			}
		},
		"vscode-languageserver-protocol": {
			"version": "3.17.2",
			"resolved": "https://registry.npmjs.org/vscode-languageserver-protocol/-/vscode-languageserver-protocol-3.17.2.tgz",
			"integrity": "sha512-8kYisQ3z/SQ2kyjlNeQxbkkTNmVFoQCqkmGrzLH6A9ecPlgTbp3wDTnUNqaUxYr4vlAcloxx8zwy7G5WdguYNg==",
			"requires": {
				"vscode-jsonrpc": "8.0.2",
				"vscode-languageserver-types": "3.17.2"
			}
		},
		"vscode-languageserver-textdocument": {
			"version": "1.0.7",
			"resolved": "https://registry.npmjs.org/vscode-languageserver-textdocument/-/vscode-languageserver-textdocument-1.0.7.tgz",
			"integrity": "sha512-bFJH7UQxlXT8kKeyiyu41r22jCZXG8kuuVVA33OEJn1diWOZK5n8zBSPZFHVBOu8kXZ6h0LIRhf5UnCo61J4Hg=="
		},
		"vscode-languageserver-types": {
			"version": "3.17.2",
			"resolved": "https://registry.npmjs.org/vscode-languageserver-types/-/vscode-languageserver-types-3.17.2.tgz",
			"integrity": "sha512-zHhCWatviizPIq9B7Vh9uvrH6x3sK8itC84HkamnBWoDFJtzBf7SWlpLCZUit72b3os45h6RWQNC9xHRDF8dRA=="
		}
	}
}
